
Microsoft Visual Studio Solution File, Format Version 12.00
# Visual Studio Version 17
VisualStudioVersion = 17.6.33829.357
MinimumVisualStudioVersion = 10.0.40219.1
Project("{FAE04EC0-301F-11D3-BF4B-00C04F79EFBC}") = "TurnKeyFilesParse", "Src\WebApi\TurnKeyFilesParse\TurnKeyFilesParse.csproj", "{EB30B6A3-C867-4FBF-9092-E358362E316F}"
EndProject
Project("{9A19103F-16F7-4668-BE54-9A1E7A4F7556}") = "TestProject", "Test\TestProject\TestProject.csproj", "{34D06710-BC2A-4F6C-91AA-F9AA046A97B9}"
EndProject
Project("{2150E333-8FDC-42A3-9474-1A3956D46DE8}") = "Src", "Src", "{D89D7915-BD39-4B86-A282-4275045B099D}"
EndProject
Project("{2150E333-8FDC-42A3-9474-1A3956D46DE8}") = "Test", "Test", "{88A7F224-5D80-4D96-BE82-ECE735F5F5B3}"
EndProject
Project("{9A19103F-16F7-4668-BE54-9A1E7A4F7556}") = "DynamicCreateLocalDB", "Test\DynamicCreateLocalDB\DynamicCreateLocalDB.csproj", "{8F5087EC-37D5-4ED5-BBCE-D107C70D75F9}"
EndProject
Project("{FAE04EC0-301F-11D3-BF4B-00C04F79EFBC}") = "Server", "Src\WebApi\jwt-dotnet\Server\Server.csproj", "{82F28D29-9D08-4312-8993-E4F0DEDE515B}"
EndProject
Project("{FAE04EC0-301F-11D3-BF4B-00C04F79EFBC}") = "Client", "Src\WebApi\jwt-dotnet\Client\Client.csproj", "{9104BB35-639E-4CAC-BE90-C598BD6B4375}"
EndProject
Project("{2150E333-8FDC-42A3-9474-1A3956D46DE8}") = "Solution Items", "Solution Items", "{89992246-B6B3-4E62-B66A-D46D3C7D2362}"
	ProjectSection(SolutionItems) = preProject
		ConnectionStrings.config = ConnectionStrings.config
	EndProjectSection
EndProject
Project("{9A19103F-16F7-4668-BE54-9A1E7A4F7556}") = "Jwt", "Src\JWT\Jwt.csproj", "{B2C74746-B75B-4CA9-8CD8-0F2B4764AC01}"
EndProject
Project("{9A19103F-16F7-4668-BE54-9A1E7A4F7556}") = "Repository", "Src\Repository\Repository.csproj", "{0EBA5616-80E9-4A85-8975-99991AAAF64B}"
EndProject
Project("{9A19103F-16F7-4668-BE54-9A1E7A4F7556}") = "Common", "Src\Common\Common.csproj", "{EDC2EE99-A552-4C89-AC79-7B644C12429E}"
EndProject
Global
	GlobalSection(SolutionConfigurationPlatforms) = preSolution
		Debug|Any CPU = Debug|Any CPU
		Release|Any CPU = Release|Any CPU
	EndGlobalSection
	GlobalSection(ProjectConfigurationPlatforms) = postSolution
		{EB30B6A3-C867-4FBF-9092-E358362E316F}.Debug|Any CPU.ActiveCfg = Debug|Any CPU
		{EB30B6A3-C867-4FBF-9092-E358362E316F}.Debug|Any CPU.Build.0 = Debug|Any CPU
		{EB30B6A3-C867-4FBF-9092-E358362E316F}.Release|Any CPU.ActiveCfg = Release|Any CPU
		{EB30B6A3-C867-4FBF-9092-E358362E316F}.Release|Any CPU.Build.0 = Release|Any CPU
		{34D06710-BC2A-4F6C-91AA-F9AA046A97B9}.Debug|Any CPU.ActiveCfg = Debug|Any CPU
		{34D06710-BC2A-4F6C-91AA-F9AA046A97B9}.Debug|Any CPU.Build.0 = Debug|Any CPU
		{34D06710-BC2A-4F6C-91AA-F9AA046A97B9}.Release|Any CPU.ActiveCfg = Release|Any CPU
		{34D06710-BC2A-4F6C-91AA-F9AA046A97B9}.Release|Any CPU.Build.0 = Release|Any CPU
		{8F5087EC-37D5-4ED5-BBCE-D107C70D75F9}.Debug|Any CPU.ActiveCfg = Debug|Any CPU
		{8F5087EC-37D5-4ED5-BBCE-D107C70D75F9}.Debug|Any CPU.Build.0 = Debug|Any CPU
		{8F5087EC-37D5-4ED5-BBCE-D107C70D75F9}.Release|Any CPU.ActiveCfg = Release|Any CPU
		{8F5087EC-37D5-4ED5-BBCE-D107C70D75F9}.Release|Any CPU.Build.0 = Release|Any CPU
		{82F28D29-9D08-4312-8993-E4F0DEDE515B}.Debug|Any CPU.ActiveCfg = Debug|Any CPU
		{82F28D29-9D08-4312-8993-E4F0DEDE515B}.Debug|Any CPU.Build.0 = Debug|Any CPU
		{82F28D29-9D08-4312-8993-E4F0DEDE515B}.Release|Any CPU.ActiveCfg = Release|Any CPU
		{82F28D29-9D08-4312-8993-E4F0DEDE515B}.Release|Any CPU.Build.0 = Release|Any CPU
		{9104BB35-639E-4CAC-BE90-C598BD6B4375}.Debug|Any CPU.ActiveCfg = Debug|Any CPU
		{9104BB35-639E-4CAC-BE90-C598BD6B4375}.Debug|Any CPU.Build.0 = Debug|Any CPU
		{9104BB35-639E-4CAC-BE90-C598BD6B4375}.Release|Any CPU.ActiveCfg = Release|Any CPU
		{9104BB35-639E-4CAC-BE90-C598BD6B4375}.Release|Any CPU.Build.0 = Release|Any CPU
		{B2C74746-B75B-4CA9-8CD8-0F2B4764AC01}.Debug|Any CPU.ActiveCfg = Debug|Any CPU
		{B2C74746-B75B-4CA9-8CD8-0F2B4764AC01}.Debug|Any CPU.Build.0 = Debug|Any CPU
		{B2C74746-B75B-4CA9-8CD8-0F2B4764AC01}.Release|Any CPU.ActiveCfg = Release|Any CPU
		{B2C74746-B75B-4CA9-8CD8-0F2B4764AC01}.Release|Any CPU.Build.0 = Release|Any CPU
		{0EBA5616-80E9-4A85-8975-99991AAAF64B}.Debug|Any CPU.ActiveCfg = Debug|Any CPU
		{0EBA5616-80E9-4A85-8975-99991AAAF64B}.Debug|Any CPU.Build.0 = Debug|Any CPU
		{0EBA5616-80E9-4A85-8975-99991AAAF64B}.Release|Any CPU.ActiveCfg = Release|Any CPU
		{0EBA5616-80E9-4A85-8975-99991AAAF64B}.Release|Any CPU.Build.0 = Release|Any CPU
		{EDC2EE99-A552-4C89-AC79-7B644C12429E}.Debug|Any CPU.ActiveCfg = Debug|Any CPU
		{EDC2EE99-A552-4C89-AC79-7B644C12429E}.Debug|Any CPU.Build.0 = Debug|Any CPU
		{EDC2EE99-A552-4C89-AC79-7B644C12429E}.Release|Any CPU.ActiveCfg = Release|Any CPU
		{EDC2EE99-A552-4C89-AC79-7B644C12429E}.Release|Any CPU.Build.0 = Release|Any CPU
	EndGlobalSection
	GlobalSection(SolutionProperties) = preSolution
		HideSolutionNode = FALSE
	EndGlobalSection
	GlobalSection(NestedProjects) = preSolution
		{EB30B6A3-C867-4FBF-9092-E358362E316F} = {D89D7915-BD39-4B86-A282-4275045B099D}
		{34D06710-BC2A-4F6C-91AA-F9AA046A97B9} = {88A7F224-5D80-4D96-BE82-ECE735F5F5B3}
		{8F5087EC-37D5-4ED5-BBCE-D107C70D75F9} = {88A7F224-5D80-4D96-BE82-ECE735F5F5B3}
		{82F28D29-9D08-4312-8993-E4F0DEDE515B} = {D89D7915-BD39-4B86-A282-4275045B099D}
		{9104BB35-639E-4CAC-BE90-C598BD6B4375} = {D89D7915-BD39-4B86-A282-4275045B099D}
		{B2C74746-B75B-4CA9-8CD8-0F2B4764AC01} = {D89D7915-BD39-4B86-A282-4275045B099D}
		{0EBA5616-80E9-4A85-8975-99991AAAF64B} = {D89D7915-BD39-4B86-A282-4275045B099D}
		{EDC2EE99-A552-4C89-AC79-7B644C12429E} = {D89D7915-BD39-4B86-A282-4275045B099D}
	EndGlobalSection
	GlobalSection(ExtensibilityGlobals) = postSolution
		SolutionGuid = {0C4BCF6E-9745-4A7D-9D43-AA660EC9FE43}
	EndGlobalSection
EndGlobal
